
Microsoft Visual Studio Solution File, Format Version 12.00
# Visual Studio Version 16
VisualStudioVersion = 16.0.29911.84
MinimumVisualStudioVersion = 10.0.40219.1
Project("{FAE04EC0-301F-11D3-BF4B-00C04F79EFBC}") = "RemoveExtraBlanksTests", "RemoveExtraBlanksTests\RemoveExtraBlanksTests.csproj", "{EA8560C9-24F9-43D1-8466-36DD7533042A}"
EndProject
Global
	GlobalSection(SolutionConfigurationPlatforms) = preSolution
		Debug|Any CPU = Debug|Any CPU
		Release|Any CPU = Release|Any CPU
	EndGlobalSection
	GlobalSection(ProjectConfigurationPlatforms) = postSolution
		{EA8560C9-24F9-43D1-8466-36DD7533042A}.Debug|Any CPU.ActiveCfg = Debug|Any CPU
		{EA8560C9-24F9-43D1-8466-36DD7533042A}.Debug|Any CPU.Build.0 = Debug|Any CPU
		{EA8560C9-24F9-43D1-8466-36DD7533042A}.Release|Any CPU.ActiveCfg = Release|Any CPU
		{EA8560C9-24F9-43D1-8466-36DD7533042A}.Release|Any CPU.Build.0 = Release|Any CPU
	EndGlobalSection
	GlobalSection(SolutionProperties) = preSolution
		HideSolutionNode = FALSE
	EndGlobalSection
	GlobalSection(ExtensibilityGlobals) = postSolution
		SolutionGuid = {45103934-BC28-4CDE-B2A2-47EE443CF62D}
	EndGlobalSection
EndGlobal
