
Microsoft Visual Studio Solution File, Format Version 12.00
# Visual Studio Version 16
VisualStudioVersion = 16.0.29911.84
MinimumVisualStudioVersion = 10.0.40219.1
Project("{9A19103F-16F7-4668-BE54-9A1E7A4F7556}") = "RemoveExtraBlanks", "RemoveExtraBlanks\RemoveExtraBlanks.csproj", "{736C51E3-B550-4316-B967-23F5019EBCD0}"
EndProject
Project("{FAE04EC0-301F-11D3-BF4B-00C04F79EFBC}") = "RemoveExtraBlanksTest", "RemoveExtraBlanksTest\RemoveExtraBlanksTest.csproj", "{7CE1BD5C-6B61-4DCA-88B0-9FA630BD4183}"
EndProject
Global
	GlobalSection(SolutionConfigurationPlatforms) = preSolution
		Debug|Any CPU = Debug|Any CPU
		Release|Any CPU = Release|Any CPU
	EndGlobalSection
	GlobalSection(ProjectConfigurationPlatforms) = postSolution
		{736C51E3-B550-4316-B967-23F5019EBCD0}.Debug|Any CPU.ActiveCfg = Debug|Any CPU
		{736C51E3-B550-4316-B967-23F5019EBCD0}.Debug|Any CPU.Build.0 = Debug|Any CPU
		{736C51E3-B550-4316-B967-23F5019EBCD0}.Release|Any CPU.ActiveCfg = Release|Any CPU
		{736C51E3-B550-4316-B967-23F5019EBCD0}.Release|Any CPU.Build.0 = Release|Any CPU
		{7CE1BD5C-6B61-4DCA-88B0-9FA630BD4183}.Debug|Any CPU.ActiveCfg = Debug|Any CPU
		{7CE1BD5C-6B61-4DCA-88B0-9FA630BD4183}.Debug|Any CPU.Build.0 = Debug|Any CPU
		{7CE1BD5C-6B61-4DCA-88B0-9FA630BD4183}.Release|Any CPU.ActiveCfg = Release|Any CPU
		{7CE1BD5C-6B61-4DCA-88B0-9FA630BD4183}.Release|Any CPU.Build.0 = Release|Any CPU
	EndGlobalSection
	GlobalSection(SolutionProperties) = preSolution
		HideSolutionNode = FALSE
	EndGlobalSection
	GlobalSection(ExtensibilityGlobals) = postSolution
		SolutionGuid = {64C48EF5-357E-4C93-BE95-34FFB05E0EF8}
	EndGlobalSection
EndGlobal
