
Microsoft Visual Studio Solution File, Format Version 12.00
# Visual Studio Version 16
VisualStudioVersion = 16.0.29911.84
MinimumVisualStudioVersion = 10.0.40219.1
Project("{FAE04EC0-301F-11D3-BF4B-00C04F79EFBC}") = "PasswordStrength", "PasswordStrength\PasswordStrength.csproj", "{F91421B3-5D74-4D02-9577-7C7F4D52AD46}"
EndProject
Global
	GlobalSection(SolutionConfigurationPlatforms) = preSolution
		Debug|Any CPU = Debug|Any CPU
		Release|Any CPU = Release|Any CPU
	EndGlobalSection
	GlobalSection(ProjectConfigurationPlatforms) = postSolution
		{F91421B3-5D74-4D02-9577-7C7F4D52AD46}.Debug|Any CPU.ActiveCfg = Debug|Any CPU
		{F91421B3-5D74-4D02-9577-7C7F4D52AD46}.Debug|Any CPU.Build.0 = Debug|Any CPU
		{F91421B3-5D74-4D02-9577-7C7F4D52AD46}.Release|Any CPU.ActiveCfg = Release|Any CPU
		{F91421B3-5D74-4D02-9577-7C7F4D52AD46}.Release|Any CPU.Build.0 = Release|Any CPU
	EndGlobalSection
	GlobalSection(SolutionProperties) = preSolution
		HideSolutionNode = FALSE
	EndGlobalSection
	GlobalSection(ExtensibilityGlobals) = postSolution
		SolutionGuid = {70E5FC89-995E-4E57-AB2B-2D8B7441E7F9}
	EndGlobalSection
EndGlobal
